// !$*UTF8*$!
{
    archiveVersion = 1;
    classes = {
    };
    objectVersion = 60;
    objects = {

/* Begin PBXBuildFile section */
        9C7EE09E5A49303AC7E3E626 /* LanguageAiApp.swift in Sources */ = {isa = PBXBuildFile; fileRef = FC6DFB2E8BB880CE4DC9047A /* LanguageAiApp.swift */; };
        7D40E028F885FD0D2694B5BE /* ContentView.swift in Sources */ = {isa = PBXBuildFile; fileRef = 864CD279A712F18484DF3417 /* ContentView.swift */; };
        4333F13CA8F6BC9DB081C912 /* Assets.xcassets in Resources */ = {isa = PBXBuildFile; fileRef = F1886A1E679BFC6965941B38 /* Assets.xcassets */; };
        EB5CB51290CE2ABED7EE7C89 /* Preview Assets.xcassets in Resources */ = {isa = PBXBuildFile; fileRef = C5EAF7F4C1BB00216A0ED1E8 /* Preview Assets.xcassets */; };
/* End PBXBuildFile section */

/* Begin PBXFileReference section */
        27E934851F82B1C93BDC69E4 /* LanguageAi.app */ = {isa = PBXFileReference; explicitFileType = wrapper.application; includeInIndex = 0; path = "LanguageAi.app"; sourceTree = BUILT_PRODUCTS_DIR; };
		FC6DFB2E8BB880CE4DC9047A /* LanguageAiApp.swift */ = {isa = PBXFileReference; lastKnownFileType = sourcecode.swift; path = "LanguageAiApp.swift"; sourceTree = "<group>"; };
		864CD279A712F18484DF3417 /* ContentView.swift */ = {isa = PBXFileReference; lastKnownFileType = sourcecode.swift; path = "ContentView.swift"; sourceTree = "<group>"; };
		6B0F6E8B7D2B4DB1B4A5C901 /* Info.plist */ = {isa = PBXFileReference; lastKnownFileType = text.plist.xml; path = "Info.plist"; sourceTree = "<group>"; };
		F1886A1E679BFC6965941B38 /* Assets.xcassets */ = {isa = PBXFileReference; lastKnownFileType = folder.assetcatalog; path = "Assets.xcassets"; sourceTree = "<group>"; };
        C5EAF7F4C1BB00216A0ED1E8 /* Preview Assets.xcassets */ = {isa = PBXFileReference; lastKnownFileType = folder.assetcatalog; path = "Preview Assets.xcassets"; sourceTree = "<group>"; };
/* End PBXFileReference section */

/* Begin PBXFrameworksBuildPhase section */
        EDC05F1A86AFE58A65B76CE7 /* Frameworks */ = {
            isa = PBXFrameworksBuildPhase;
            buildActionMask = 2147483647;
            files = (
            );
            runOnlyForDeploymentPostprocessing = 0;
        };
/* End PBXFrameworksBuildPhase section */

/* Begin PBXGroup section */
        DE9BAAE515A27CA223973795 = {
            isa = PBXGroup;
            children = (
                668D3CE5BCEEB4D0238832BC /* LanguageAi */,
                8504AFA48A4D57DE2E1052C5 /* Products */,
            );
            sourceTree = "<group>";
        };
        8504AFA48A4D57DE2E1052C5 /* Products */ = {
            isa = PBXGroup;
            children = (
                27E934851F82B1C93BDC69E4 /* LanguageAi.app */,
            );
            name = Products;
            sourceTree = "<group>";
        };
        668D3CE5BCEEB4D0238832BC /* LanguageAi */ = {
            isa = PBXGroup;
            children = (
				FC6DFB2E8BB880CE4DC9047A /* LanguageAiApp.swift */,
				864CD279A712F18484DF3417 /* ContentView.swift */,
				6B0F6E8B7D2B4DB1B4A5C901 /* Info.plist */,
				F1886A1E679BFC6965941B38 /* Assets.xcassets */,
                50FE316CDF855591CBD16A3C /* Preview Content */,
            );
            path = "LanguageAi";
            sourceTree = "<group>";
        };
        50FE316CDF855591CBD16A3C /* Preview Content */ = {
            isa = PBXGroup;
            children = (
                C5EAF7F4C1BB00216A0ED1E8 /* Preview Assets.xcassets */,
            );
            name = "Preview Content";
            path = "Preview Content";
            sourceTree = "<group>";
        };
/* End PBXGroup section */

/* Begin PBXNativeTarget section */
        668D3CE5BCEEB4D0238832BCT /* LanguageAi */ = {
            isa = PBXNativeTarget;
            buildConfigurationList = D6BC24C7A15C2E6A9FD0063E /* Build configuration list for PBXNativeTarget "LanguageAi" */;
            buildPhases = (
                D506FA72C978307298D9FE8F /* Sources */,
                EDC05F1A86AFE58A65B76CE7 /* Frameworks */,
                4AC7889CD0C0E5482C751EA9 /* Resources */,
            );
            buildRules = (
            );
            dependencies = (
            );
            name = "LanguageAi";
            productName = "LanguageAi";
            productReference = 27E934851F82B1C93BDC69E4 /* LanguageAi.app */;
            productType = "com.apple.product-type.application";
        };
/* End PBXNativeTarget section */

/* Begin PBXProject section */
        FA3FC447F6A20B03B1AC7E7B /* Project object */ = {
            isa = PBXProject;
            attributes = {
                BuildIndependentTargetsInParallel = 1;
                LastSwiftUpdateCheck = 1540;
                LastUpgradeCheck = 1540;
                TargetAttributes = {
                    668D3CE5BCEEB4D0238832BCT = {
                        CreatedOnToolsVersion = 15.4;
                    };
                };
            };
            buildConfigurationList = 8504AFA48A4D57DE2E1052C52 /* Build configuration list for PBXProject "LanguageAi" */;
            compatibilityVersion = "Xcode 14.0";
            developmentRegion = en;
            hasScannedForEncodings = 0;
            knownRegions = (
                en,
                Base,
            );
            mainGroup = DE9BAAE515A27CA223973795;
            productRefGroup = 8504AFA48A4D57DE2E1052C5 /* Products */;
            projectDirPath = "";
            projectRoot = "";
            targets = (
                668D3CE5BCEEB4D0238832BCT /* LanguageAi */,
            );
        };
/* End PBXProject section */

/* Begin PBXResourcesBuildPhase section */
        4AC7889CD0C0E5482C751EA9 /* Resources */ = {
            isa = PBXResourcesBuildPhase;
            buildActionMask = 2147483647;
            files = (
                EB5CB51290CE2ABED7EE7C89 /* Preview Assets.xcassets in Resources */,
                4333F13CA8F6BC9DB081C912 /* Assets.xcassets in Resources */,
            );
            runOnlyForDeploymentPostprocessing = 0;
        };
/* End PBXResourcesBuildPhase section */

/* Begin PBXSourcesBuildPhase section */
        D506FA72C978307298D9FE8F /* Sources */ = {
            isa = PBXSourcesBuildPhase;
            buildActionMask = 2147483647;
            files = (
                7D40E028F885FD0D2694B5BE /* ContentView.swift in Sources */,
                9C7EE09E5A49303AC7E3E626 /* LanguageAiApp.swift in Sources */,
            );
            runOnlyForDeploymentPostprocessing = 0;
        };
/* End PBXSourcesBuildPhase section */

/* Begin XCBuildConfiguration section */
        ADCB89F5EC24F7A4D396A1EB /* Debug */ = {
            isa = XCBuildConfiguration;
            buildSettings = {
                ALWAYS_SEARCH_USER_PATHS = NO;
                ASSETCATALOG_COMPILER_GENERATE_SWIFT_ASSET_SYMBOL_EXTENSIONS = YES;
                CLANG_ANALYZER_NONNULL = YES;
                CLANG_ANALYZER_NUMBER_OBJECT_CONVERSION = YES_AGGRESSIVE;
                CLANG_CXX_LANGUAGE_STANDARD = "gnu++20";
                CLANG_ENABLE_MODULES = YES;
                CLANG_ENABLE_OBJC_ARC = YES;
                CLANG_ENABLE_OBJC_WEAK = YES;
                CLANG_WARN_BLOCK_CAPTURE_AUTORELEASING = YES;
                CLANG_WARN_BOOL_CONVERSION = YES;
                CLANG_WARN_COMMA = YES;
                CLANG_WARN_CONSTANT_CONVERSION = YES;
                CLANG_WARN_DEPRECATED_OBJC_IMPLEMENTATIONS = YES;
                CLANG_WARN_DIRECT_OBJC_ISA_USAGE = YES_ERROR;
                CLANG_WARN_DOCUMENTATION_COMMENTS = YES;
                CLANG_WARN_EMPTY_BODY = YES;
                CLANG_WARN_ENUM_CONVERSION = YES;
                CLANG_WARN_INFINITE_LOOPS = YES;
                CLANG_WARN_INT_CONVERSION = YES;
                CLANG_WARN_NON_LITERAL_NULL_CONVERSION = YES;
                CLANG_WARN_OBJC_IMPLICIT_RETAIN_SELF = YES;
                CLANG_WARN_OBJC_LITERAL_CONVERSION = YES;
                CLANG_WARN_OBJC_ROOT_CLASS = YES_ERROR;
                CLANG_WARN_QUOTED_INCLUDE_IN_FRAMEWORK_HEADER = YES;
                CLANG_WARN_RANGE_LOOP_ANALYSIS = YES;
                CLANG_WARN_STRICT_PROTOTYPES = YES;
                CLANG_WARN_SUSPICIOUS_MOVE = YES;
                CLANG_WARN_UNGUARDED_AVAILABILITY = YES_AGGRESSIVE;
                CLANG_WARN_UNREACHABLE_CODE = YES;
                CLANG_WARN__DUPLICATE_METHOD_MATCH = YES;
                COPY_PHASE_STRIP = NO;
                DEBUG_INFORMATION_FORMAT = dwarf;
                ENABLE_STRICT_OBJC_MSGSEND = YES;
                ENABLE_TESTABILITY = YES;
                ENABLE_USER_SCRIPT_SANDBOXING = YES;
                GCC_C_LANGUAGE_STANDARD = gnu17;
                GCC_DYNAMIC_NO_PIC = NO;
                GCC_NO_COMMON_BLOCKS = YES;
                GCC_OPTIMIZATION_LEVEL = 0;
                GCC_PREPROCESSOR_DEFINITIONS = (
                    "DEBUG=1",
                    "$(inherited)",
                );
                GCC_WARN_64_TO_32_BIT_CONVERSION = YES;
                GCC_WARN_ABOUT_RETURN_TYPE = YES_ERROR;
                GCC_WARN_UNDECLARED_SELECTOR = YES;
                GCC_WARN_UNINITIALIZED_AUTOS = YES_AGGRESSIVE;
                GCC_WARN_UNUSED_FUNCTION = YES;
                GCC_WARN_UNUSED_VARIABLE = YES;
                IPHONEOS_DEPLOYMENT_TARGET = 17.0;
                MTL_ENABLE_DEBUG_INFO = INCLUDE_SOURCE;
                MTL_FAST_MATH = YES;
                ONLY_ACTIVE_ARCH = YES;
                SDKROOT = iphoneos;
                SWIFT_ACTIVE_COMPILATION_CONDITIONS = "DEBUG $(inherited)";
                SWIFT_OPTIMIZATION_LEVEL = "-Onone";
            };
            name = Debug;
        };
        D95DAE9C68A9DE75C6FCE03E /* Release */ = {
            isa = XCBuildConfiguration;
            buildSettings = {
                ALWAYS_SEARCH_USER_PATHS = NO;
                ASSETCATALOG_COMPILER_GENERATE_SWIFT_ASSET_SYMBOL_EXTENSIONS = YES;
                CLANG_ANALYZER_NONNULL = YES;
                CLANG_ANALYZER_NUMBER_OBJECT_CONVERSION = YES_AGGRESSIVE;
                CLANG_CXX_LANGUAGE_STANDARD = "gnu++20";
                CLANG_ENABLE_MODULES = YES;
                CLANG_ENABLE_OBJC_ARC = YES;
                CLANG_ENABLE_OBJC_WEAK = YES;
                CLANG_WARN_BLOCK_CAPTURE_AUTORELEASING = YES;
                CLANG_WARN_BOOL_CONVERSION = YES;
                CLANG_WARN_COMMA = YES;
                CLANG_WARN_CONSTANT_CONVERSION = YES;
                CLANG_WARN_DEPRECATED_OBJC_IMPLEMENTATIONS = YES;
                CLANG_WARN_DIRECT_OBJC_ISA_USAGE = YES_ERROR;
                CLANG_WARN_DOCUMENTATION_COMMENTS = YES;
                CLANG_WARN_EMPTY_BODY = YES;
                CLANG_WARN_ENUM_CONVERSION = YES;
                CLANG_WARN_INFINITE_LOOPS = YES;
                CLANG_WARN_INT_CONVERSION = YES;
                CLANG_WARN_NON_LITERAL_NULL_CONVERSION = YES;
                CLANG_WARN_OBJC_IMPLICIT_RETAIN_SELF = YES;
                CLANG_WARN_OBJC_LITERAL_CONVERSION = YES;
                CLANG_WARN_OBJC_ROOT_CLASS = YES_ERROR;
                CLANG_WARN_QUOTED_INCLUDE_IN_FRAMEWORK_HEADER = YES;
                CLANG_WARN_RANGE_LOOP_ANALYSIS = YES;
                CLANG_WARN_STRICT_PROTOTYPES = YES;
                CLANG_WARN_SUSPICIOUS_MOVE = YES;
                CLANG_WARN_UNGUARDED_AVAILABILITY = YES_AGGRESSIVE;
                CLANG_WARN_UNREACHABLE_CODE = YES;
                CLANG_WARN__DUPLICATE_METHOD_MATCH = YES;
                COPY_PHASE_STRIP = NO;
                DEBUG_INFORMATION_FORMAT = "dwarf-with-dsym";
                ENABLE_NS_ASSERTIONS = NO;
                ENABLE_STRICT_OBJC_MSGSEND = YES;
                ENABLE_USER_SCRIPT_SANDBOXING = YES;
                GCC_C_LANGUAGE_STANDARD = gnu17;
                GCC_NO_COMMON_BLOCKS = YES;
                GCC_WARN_64_TO_32_BIT_CONVERSION = YES;
                GCC_WARN_ABOUT_RETURN_TYPE = YES_ERROR;
                GCC_WARN_UNDECLARED_SELECTOR = YES;
                GCC_WARN_UNINITIALIZED_AUTOS = YES_AGGRESSIVE;
                GCC_WARN_UNUSED_FUNCTION = YES;
                GCC_WARN_UNUSED_VARIABLE = YES;
                IPHONEOS_DEPLOYMENT_TARGET = 17.0;
                MTL_FAST_MATH = YES;
                SDKROOT = iphoneos;
                SWIFT_COMPILATION_MODE = wholemodule;
                VALIDATE_PRODUCT = YES;
            };
            name = Release;
        };
        50FE316CDF855591CBD16A3C2 /* Debug */ = {
            isa = XCBuildConfiguration;
            buildSettings = {
                ASSETCATALOG_COMPILER_APPICON_NAME = AppIcon;
                ASSETCATALOG_COMPILER_GLOBAL_ACCENT_COLOR_NAME = AccentColor;
                CODE_SIGN_STYLE = Automatic;
                CURRENT_PROJECT_VERSION = 1;
                DEVELOPMENT_ASSET_PATHS = "\"LanguageAi/Preview Content\"";
                ENABLE_PREVIEWS = YES;
				GENERATE_INFOPLIST_FILE = NO;
				INFOPLIST_FILE = LanguageAi/Info.plist;
                LD_RUNPATH_SEARCH_PATHS = (
                    "$(inherited)",
                    "@executable_path/Frameworks",
                );
                MARKETING_VERSION = 1.0;
                PRODUCT_BUNDLE_IDENTIFIER = "com.languageai";
                PRODUCT_NAME = "$(TARGET_NAME)";
                SWIFT_EMIT_LOC_STRINGS = YES;
                SWIFT_VERSION = 5.0;
                TARGETED_DEVICE_FAMILY = "1,2";
            };
            name = Debug;
        };
        FABD6AC8BD6E76AFFAB4D294 /* Release */ = {
            isa = XCBuildConfiguration;
            buildSettings = {
                ASSETCATALOG_COMPILER_APPICON_NAME = AppIcon;
                ASSETCATALOG_COMPILER_GLOBAL_ACCENT_COLOR_NAME = AccentColor;
                CODE_SIGN_STYLE = Automatic;
                CURRENT_PROJECT_VERSION = 1;
                DEVELOPMENT_ASSET_PATHS = "\"LanguageAi/Preview Content\"";
                ENABLE_PREVIEWS = YES;
				GENERATE_INFOPLIST_FILE = NO;
				INFOPLIST_FILE = LanguageAi/Info.plist;
                LD_RUNPATH_SEARCH_PATHS = (
                    "$(inherited)",
                    "@executable_path/Frameworks",
                );
                MARKETING_VERSION = 1.0;
                PRODUCT_BUNDLE_IDENTIFIER = "com.languageai";
                PRODUCT_NAME = "$(TARGET_NAME)";
                SWIFT_EMIT_LOC_STRINGS = YES;
                SWIFT_VERSION = 5.0;
                TARGETED_DEVICE_FAMILY = "1,2";
            };
            name = Release;
        };
/* End XCBuildConfiguration section */

/* Begin XCConfigurationList section */
        8504AFA48A4D57DE2E1052C52 /* Build configuration list for PBXProject "LanguageAi" */ = {
            isa = XCConfigurationList;
            buildConfigurations = (
                ADCB89F5EC24F7A4D396A1EB /* Debug */,
                D95DAE9C68A9DE75C6FCE03E /* Release */,
            );
            defaultConfigurationIsVisible = 0;
            defaultConfigurationName = Release;
        };
        D6BC24C7A15C2E6A9FD0063E /* Build configuration list for PBXNativeTarget "LanguageAi" */ = {
            isa = XCConfigurationList;
            buildConfigurations = (
                50FE316CDF855591CBD16A3C2 /* Debug */,
                FABD6AC8BD6E76AFFAB4D294 /* Release */,
            );
            defaultConfigurationIsVisible = 0;
            defaultConfigurationName = Release;
        };
/* End XCConfigurationList section */
    };
    rootObject = FA3FC447F6A20B03B1AC7E7B /* Project object */;
}
